// !$*UTF8*$!
{
	archiveVersion = 1;
	classes = {
	};
	objectVersion = 50;
	objects = {

/* Begin PBXBuildFile section */
		538EA09D21E2B790001237B1 /* AppDelegate.swift in Sources */ = {isa = PBXBuildFile; fileRef = 538EA09C21E2B790001237B1 /* AppDelegate.swift */; };
		538EA09F21E2B790001237B1 /* ViewController.swift in Sources */ = {isa = PBXBuildFile; fileRef = 538EA09E21E2B790001237B1 /* ViewController.swift */; };
		538EA0A221E2B790001237B1 /* Main.storyboard in Resources */ = {isa = PBXBuildFile; fileRef = 538EA0A021E2B790001237B1 /* Main.storyboard */; };
		538EA0A421E2B791001237B1 /* Assets.xcassets in Resources */ = {isa = PBXBuildFile; fileRef = 538EA0A321E2B791001237B1 /* Assets.xcassets */; };
		538EA0A721E2B791001237B1 /* LaunchScreen.storyboard in Resources */ = {isa = PBXBuildFile; fileRef = 538EA0A521E2B791001237B1 /* LaunchScreen.storyboard */; };
		538EA0B221E2B791001237B1 /* FindBurgersTests.swift in Sources */ = {isa = PBXBuildFile; fileRef = 538EA0B121E2B791001237B1 /* FindBurgersTests.swift */; };
		538EA0BD21E2B791001237B1 /* FindBurgersUITests.swift in Sources */ = {isa = PBXBuildFile; fileRef = 538EA0BC21E2B791001237B1 /* FindBurgersUITests.swift */; };
		538EA0D121E2B995001237B1 /* ShowAllBurgersViewController.swift in Sources */ = {isa = PBXBuildFile; fileRef = 538EA0D021E2B995001237B1 /* ShowAllBurgersViewController.swift */; };
		538EA0D321E2B9A1001237B1 /* ShowAllBurgersPresenter.swift in Sources */ = {isa = PBXBuildFile; fileRef = 538EA0D221E2B9A1001237B1 /* ShowAllBurgersPresenter.swift */; };
		538EA0D621E2BBC0001237B1 /* ShowAllBurgersViewController.xib in Resources */ = {isa = PBXBuildFile; fileRef = 538EA0D521E2BBC0001237B1 /* ShowAllBurgersViewController.xib */; };
		538EA0D821E2BBE3001237B1 /* BurgerDetailsPresenter.swift in Sources */ = {isa = PBXBuildFile; fileRef = 538EA0D721E2BBE3001237B1 /* BurgerDetailsPresenter.swift */; };
		538EA0DA21E2BC00001237B1 /* BurgerDetailsViewController.swift in Sources */ = {isa = PBXBuildFile; fileRef = 538EA0D921E2BC00001237B1 /* BurgerDetailsViewController.swift */; };
		538EA0DD21E2BC35001237B1 /* BurgerDetailsViewController.xib in Resources */ = {isa = PBXBuildFile; fileRef = 538EA0DC21E2BC35001237B1 /* BurgerDetailsViewController.xib */; };
		538EA0E121E2BC9B001237B1 /* GetBurger.swift in Sources */ = {isa = PBXBuildFile; fileRef = 538EA0E021E2BC9B001237B1 /* GetBurger.swift */; };
		538EA0E321E2BCB6001237B1 /* FoursquareApiDataSource.swift in Sources */ = {isa = PBXBuildFile; fileRef = 538EA0E221E2BCB6001237B1 /* FoursquareApiDataSource.swift */; };
		538EA0E521E2BCC3001237B1 /* FoursquareApiDataSourceImpl.swift in Sources */ = {isa = PBXBuildFile; fileRef = 538EA0E421E2BCC3001237B1 /* FoursquareApiDataSourceImpl.swift */; };
		538EA0E721E2BCD3001237B1 /* ImageIdentificationApiDataSource.swift in Sources */ = {isa = PBXBuildFile; fileRef = 538EA0E621E2BCD3001237B1 /* ImageIdentificationApiDataSource.swift */; };
		538EA0E921E2BCDE001237B1 /* ImageIdentificationApiDataSourceImpl.swift in Sources */ = {isa = PBXBuildFile; fileRef = 538EA0E821E2BCDE001237B1 /* ImageIdentificationApiDataSourceImpl.swift */; };
		538EA0EB21E2BD7C001237B1 /*  ShowAllBurgersContract.swift in Sources */ = {isa = PBXBuildFile; fileRef = 538EA0EA21E2BD7C001237B1 /*  ShowAllBurgersContract.swift */; };
		538EA0ED21E2BE3F001237B1 /* BurgerDetailsContract.swift in Sources */ = {isa = PBXBuildFile; fileRef = 538EA0EC21E2BE3F001237B1 /* BurgerDetailsContract.swift */; };
		538EA0EF21E2C042001237B1 /* GetImage.swift in Sources */ = {isa = PBXBuildFile; fileRef = 538EA0EE21E2C042001237B1 /* GetImage.swift */; };
/* End PBXBuildFile section */

/* Begin PBXContainerItemProxy section */
		538EA0AE21E2B791001237B1 /* PBXContainerItemProxy */ = {
			isa = PBXContainerItemProxy;
			containerPortal = 538EA09121E2B78F001237B1 /* Project object */;
			proxyType = 1;
			remoteGlobalIDString = 538EA09821E2B78F001237B1;
			remoteInfo = FindBurgers;
		};
		538EA0B921E2B791001237B1 /* PBXContainerItemProxy */ = {
			isa = PBXContainerItemProxy;
			containerPortal = 538EA09121E2B78F001237B1 /* Project object */;
			proxyType = 1;
			remoteGlobalIDString = 538EA09821E2B78F001237B1;
			remoteInfo = FindBurgers;
		};
/* End PBXContainerItemProxy section */

/* Begin PBXFileReference section */
		538EA09921E2B790001237B1 /* FindBurgers.app */ = {isa = PBXFileReference; explicitFileType = wrapper.application; includeInIndex = 0; path = FindBurgers.app; sourceTree = BUILT_PRODUCTS_DIR; };
		538EA09C21E2B790001237B1 /* AppDelegate.swift */ = {isa = PBXFileReference; lastKnownFileType = sourcecode.swift; path = AppDelegate.swift; sourceTree = "<group>"; };
		538EA09E21E2B790001237B1 /* ViewController.swift */ = {isa = PBXFileReference; lastKnownFileType = sourcecode.swift; path = ViewController.swift; sourceTree = "<group>"; };
		538EA0A121E2B790001237B1 /* Base */ = {isa = PBXFileReference; lastKnownFileType = file.storyboard; name = Base; path = Base.lproj/Main.storyboard; sourceTree = "<group>"; };
		538EA0A321E2B791001237B1 /* Assets.xcassets */ = {isa = PBXFileReference; lastKnownFileType = folder.assetcatalog; path = Assets.xcassets; sourceTree = "<group>"; };
		538EA0A621E2B791001237B1 /* Base */ = {isa = PBXFileReference; lastKnownFileType = file.storyboard; name = Base; path = Base.lproj/LaunchScreen.storyboard; sourceTree = "<group>"; };
		538EA0A821E2B791001237B1 /* Info.plist */ = {isa = PBXFileReference; lastKnownFileType = text.plist.xml; path = Info.plist; sourceTree = "<group>"; };
		538EA0AD21E2B791001237B1 /* FindBurgersTests.xctest */ = {isa = PBXFileReference; explicitFileType = wrapper.cfbundle; includeInIndex = 0; path = FindBurgersTests.xctest; sourceTree = BUILT_PRODUCTS_DIR; };
		538EA0B121E2B791001237B1 /* FindBurgersTests.swift */ = {isa = PBXFileReference; lastKnownFileType = sourcecode.swift; path = FindBurgersTests.swift; sourceTree = "<group>"; };
		538EA0B321E2B791001237B1 /* Info.plist */ = {isa = PBXFileReference; lastKnownFileType = text.plist.xml; path = Info.plist; sourceTree = "<group>"; };
		538EA0B821E2B791001237B1 /* FindBurgersUITests.xctest */ = {isa = PBXFileReference; explicitFileType = wrapper.cfbundle; includeInIndex = 0; path = FindBurgersUITests.xctest; sourceTree = BUILT_PRODUCTS_DIR; };
		538EA0BC21E2B791001237B1 /* FindBurgersUITests.swift */ = {isa = PBXFileReference; lastKnownFileType = sourcecode.swift; path = FindBurgersUITests.swift; sourceTree = "<group>"; };
		538EA0BE21E2B791001237B1 /* Info.plist */ = {isa = PBXFileReference; lastKnownFileType = text.plist.xml; path = Info.plist; sourceTree = "<group>"; };
		538EA0D021E2B995001237B1 /* ShowAllBurgersViewController.swift */ = {isa = PBXFileReference; lastKnownFileType = sourcecode.swift; path = ShowAllBurgersViewController.swift; sourceTree = "<group>"; };
		538EA0D221E2B9A1001237B1 /* ShowAllBurgersPresenter.swift */ = {isa = PBXFileReference; lastKnownFileType = sourcecode.swift; path = ShowAllBurgersPresenter.swift; sourceTree = "<group>"; };
		538EA0D521E2BBC0001237B1 /* ShowAllBurgersViewController.xib */ = {isa = PBXFileReference; lastKnownFileType = file.xib; path = ShowAllBurgersViewController.xib; sourceTree = "<group>"; };
		538EA0D721E2BBE3001237B1 /* BurgerDetailsPresenter.swift */ = {isa = PBXFileReference; lastKnownFileType = sourcecode.swift; path = BurgerDetailsPresenter.swift; sourceTree = "<group>"; };
		538EA0D921E2BC00001237B1 /* BurgerDetailsViewController.swift */ = {isa = PBXFileReference; lastKnownFileType = sourcecode.swift; path = BurgerDetailsViewController.swift; sourceTree = "<group>"; };
		538EA0DC21E2BC35001237B1 /* BurgerDetailsViewController.xib */ = {isa = PBXFileReference; lastKnownFileType = file.xib; path = BurgerDetailsViewController.xib; sourceTree = "<group>"; };
		538EA0E021E2BC9B001237B1 /* GetBurger.swift */ = {isa = PBXFileReference; lastKnownFileType = sourcecode.swift; path = GetBurger.swift; sourceTree = "<group>"; };
		538EA0E221E2BCB6001237B1 /* FoursquareApiDataSource.swift */ = {isa = PBXFileReference; lastKnownFileType = sourcecode.swift; path = FoursquareApiDataSource.swift; sourceTree = "<group>"; };
		538EA0E421E2BCC3001237B1 /* FoursquareApiDataSourceImpl.swift */ = {isa = PBXFileReference; lastKnownFileType = sourcecode.swift; path = FoursquareApiDataSourceImpl.swift; sourceTree = "<group>"; };
		538EA0E621E2BCD3001237B1 /* ImageIdentificationApiDataSource.swift */ = {isa = PBXFileReference; lastKnownFileType = sourcecode.swift; path = ImageIdentificationApiDataSource.swift; sourceTree = "<group>"; };
		538EA0E821E2BCDE001237B1 /* ImageIdentificationApiDataSourceImpl.swift */ = {isa = PBXFileReference; lastKnownFileType = sourcecode.swift; path = ImageIdentificationApiDataSourceImpl.swift; sourceTree = "<group>"; };
		538EA0EA21E2BD7C001237B1 /*  ShowAllBurgersContract.swift */ = {isa = PBXFileReference; lastKnownFileType = sourcecode.swift; path = " ShowAllBurgersContract.swift"; sourceTree = "<group>"; };
		538EA0EC21E2BE3F001237B1 /* BurgerDetailsContract.swift */ = {isa = PBXFileReference; lastKnownFileType = sourcecode.swift; path = BurgerDetailsContract.swift; sourceTree = "<group>"; };
		538EA0EE21E2C042001237B1 /* GetImage.swift */ = {isa = PBXFileReference; lastKnownFileType = sourcecode.swift; path = GetImage.swift; sourceTree = "<group>"; };
/* End PBXFileReference section */

/* Begin PBXFrameworksBuildPhase section */
		538EA09621E2B78F001237B1 /* Frameworks */ = {
			isa = PBXFrameworksBuildPhase;
			buildActionMask = 2147483647;
			files = (
			);
			runOnlyForDeploymentPostprocessing = 0;
		};
		538EA0AA21E2B791001237B1 /* Frameworks */ = {
			isa = PBXFrameworksBuildPhase;
			buildActionMask = 2147483647;
			files = (
			);
			runOnlyForDeploymentPostprocessing = 0;
		};
		538EA0B521E2B791001237B1 /* Frameworks */ = {
			isa = PBXFrameworksBuildPhase;
			buildActionMask = 2147483647;
			files = (
			);
			runOnlyForDeploymentPostprocessing = 0;
		};
/* End PBXFrameworksBuildPhase section */

/* Begin PBXGroup section */
		538EA09021E2B78F001237B1 = {
			isa = PBXGroup;
			children = (
				538EA09B21E2B790001237B1 /* FindBurgers */,
				538EA0B021E2B791001237B1 /* FindBurgersTests */,
				538EA0BB21E2B791001237B1 /* FindBurgersUITests */,
				538EA09A21E2B790001237B1 /* Products */,
			);
			sourceTree = "<group>";
		};
		538EA09A21E2B790001237B1 /* Products */ = {
			isa = PBXGroup;
			children = (
				538EA09921E2B790001237B1 /* FindBurgers.app */,
				538EA0AD21E2B791001237B1 /* FindBurgersTests.xctest */,
				538EA0B821E2B791001237B1 /* FindBurgersUITests.xctest */,
			);
			name = Products;
			sourceTree = "<group>";
		};
		538EA09B21E2B790001237B1 /* FindBurgers */ = {
			isa = PBXGroup;
			children = (
				538EA0CA21E2B7BD001237B1 /* Application */,
				538EA0CB21E2B7D1001237B1 /* Database */,
				538EA09C21E2B790001237B1 /* AppDelegate.swift */,
				538EA09E21E2B790001237B1 /* ViewController.swift */,
				538EA0A021E2B790001237B1 /* Main.storyboard */,
				538EA0A321E2B791001237B1 /* Assets.xcassets */,
				538EA0A521E2B791001237B1 /* LaunchScreen.storyboard */,
				538EA0A821E2B791001237B1 /* Info.plist */,
			);
			path = FindBurgers;
			sourceTree = "<group>";
		};
		538EA0B021E2B791001237B1 /* FindBurgersTests */ = {
			isa = PBXGroup;
			children = (
				538EA0B121E2B791001237B1 /* FindBurgersTests.swift */,
				538EA0B321E2B791001237B1 /* Info.plist */,
			);
			path = FindBurgersTests;
			sourceTree = "<group>";
		};
		538EA0BB21E2B791001237B1 /* FindBurgersUITests */ = {
			isa = PBXGroup;
			children = (
				538EA0BC21E2B791001237B1 /* FindBurgersUITests.swift */,
				538EA0BE21E2B791001237B1 /* Info.plist */,
			);
			path = FindBurgersUITests;
			sourceTree = "<group>";
		};
		538EA0CA21E2B7BD001237B1 /* Application */ = {
			isa = PBXGroup;
			children = (
				538EA0DE21E2BC4D001237B1 /* Modules */,
				538EA0DF21E2BC5F001237B1 /* UseCases */,
			);
			path = Application;
			sourceTree = "<group>";
		};
		538EA0CB21E2B7D1001237B1 /* Database */ = {
			isa = PBXGroup;
			children = (
				538EA0CE21E2B8E5001237B1 /* FoursquareApiDataSource */,
				538EA0CF21E2B92B001237B1 /* ImageIdentificationApiDataSource */,
			);
			path = Database;
			sourceTree = "<group>";
		};
		538EA0CC21E2B8C0001237B1 /* ShowAllBurgers */ = {
			isa = PBXGroup;
			children = (
				538EA0D421E2B9A7001237B1 /* View */,
				538EA0D021E2B995001237B1 /* ShowAllBurgersViewController.swift */,
				538EA0D221E2B9A1001237B1 /* ShowAllBurgersPresenter.swift */,
				538EA0EA21E2BD7C001237B1 /*  ShowAllBurgersContract.swift */,
			);
			path = ShowAllBurgers;
			sourceTree = "<group>";
		};
		538EA0CD21E2B8CF001237B1 /* BurgerDetails */ = {
			isa = PBXGroup;
			children = (
				538EA0DB21E2BC21001237B1 /* View */,
				538EA0D921E2BC00001237B1 /* BurgerDetailsViewController.swift */,
				538EA0D721E2BBE3001237B1 /* BurgerDetailsPresenter.swift */,
				538EA0EC21E2BE3F001237B1 /* BurgerDetailsContract.swift */,
			);
			path = BurgerDetails;
			sourceTree = "<group>";
		};
		538EA0CE21E2B8E5001237B1 /* FoursquareApiDataSource */ = {
			isa = PBXGroup;
			children = (
				538EA0E221E2BCB6001237B1 /* FoursquareApiDataSource.swift */,
				538EA0E421E2BCC3001237B1 /* FoursquareApiDataSourceImpl.swift */,
			);
			path = FoursquareApiDataSource;
			sourceTree = "<group>";
		};
		538EA0CF21E2B92B001237B1 /* ImageIdentificationApiDataSource */ = {
			isa = PBXGroup;
			children = (
				538EA0E621E2BCD3001237B1 /* ImageIdentificationApiDataSource.swift */,
				538EA0E821E2BCDE001237B1 /* ImageIdentificationApiDataSourceImpl.swift */,
			);
			path = ImageIdentificationApiDataSource;
			sourceTree = "<group>";
		};
		538EA0D421E2B9A7001237B1 /* View */ = {
			isa = PBXGroup;
			children = (
				538EA0D521E2BBC0001237B1 /* ShowAllBurgersViewController.xib */,
			);
			path = View;
			sourceTree = "<group>";
		};
		538EA0DB21E2BC21001237B1 /* View */ = {
			isa = PBXGroup;
			children = (
				538EA0DC21E2BC35001237B1 /* BurgerDetailsViewController.xib */,
			);
			path = View;
			sourceTree = "<group>";
		};
		538EA0DE21E2BC4D001237B1 /* Modules */ = {
			isa = PBXGroup;
			children = (
				538EA0CC21E2B8C0001237B1 /* ShowAllBurgers */,
				538EA0CD21E2B8CF001237B1 /* BurgerDetails */,
			);
			path = Modules;
			sourceTree = "<group>";
		};
		538EA0DF21E2BC5F001237B1 /* UseCases */ = {
			isa = PBXGroup;
			children = (
				538EA0E021E2BC9B001237B1 /* GetBurger.swift */,
				538EA0EE21E2C042001237B1 /* GetImage.swift */,
			);
			path = UseCases;
			sourceTree = "<group>";
		};
/* End PBXGroup section */

/* Begin PBXNativeTarget section */
		538EA09821E2B78F001237B1 /* FindBurgers */ = {
			isa = PBXNativeTarget;
			buildConfigurationList = 538EA0C121E2B791001237B1 /* Build configuration list for PBXNativeTarget "FindBurgers" */;
			buildPhases = (
				538EA09521E2B78F001237B1 /* Sources */,
				538EA09621E2B78F001237B1 /* Frameworks */,
				538EA09721E2B78F001237B1 /* Resources */,
			);
			buildRules = (
			);
			dependencies = (
			);
			name = FindBurgers;
			productName = FindBurgers;
			productReference = 538EA09921E2B790001237B1 /* FindBurgers.app */;
			productType = "com.apple.product-type.application";
		};
		538EA0AC21E2B791001237B1 /* FindBurgersTests */ = {
			isa = PBXNativeTarget;
			buildConfigurationList = 538EA0C421E2B791001237B1 /* Build configuration list for PBXNativeTarget "FindBurgersTests" */;
			buildPhases = (
				538EA0A921E2B791001237B1 /* Sources */,
				538EA0AA21E2B791001237B1 /* Frameworks */,
				538EA0AB21E2B791001237B1 /* Resources */,
			);
			buildRules = (
			);
			dependencies = (
				538EA0AF21E2B791001237B1 /* PBXTargetDependency */,
			);
			name = FindBurgersTests;
			productName = FindBurgersTests;
			productReference = 538EA0AD21E2B791001237B1 /* FindBurgersTests.xctest */;
			productType = "com.apple.product-type.bundle.unit-test";
		};
		538EA0B721E2B791001237B1 /* FindBurgersUITests */ = {
			isa = PBXNativeTarget;
			buildConfigurationList = 538EA0C721E2B791001237B1 /* Build configuration list for PBXNativeTarget "FindBurgersUITests" */;
			buildPhases = (
				538EA0B421E2B791001237B1 /* Sources */,
				538EA0B521E2B791001237B1 /* Frameworks */,
				538EA0B621E2B791001237B1 /* Resources */,
			);
			buildRules = (
			);
			dependencies = (
				538EA0BA21E2B791001237B1 /* PBXTargetDependency */,
			);
			name = FindBurgersUITests;
			productName = FindBurgersUITests;
			productReference = 538EA0B821E2B791001237B1 /* FindBurgersUITests.xctest */;
			productType = "com.apple.product-type.bundle.ui-testing";
		};
/* End PBXNativeTarget section */

/* Begin PBXProject section */
		538EA09121E2B78F001237B1 /* Project object */ = {
			isa = PBXProject;
			attributes = {
				LastSwiftUpdateCheck = 1010;
				LastUpgradeCheck = 1010;
				ORGANIZATIONNAME = "Livia Vasconcelos";
				TargetAttributes = {
					538EA09821E2B78F001237B1 = {
						CreatedOnToolsVersion = 10.1;
					};
					538EA0AC21E2B791001237B1 = {
						CreatedOnToolsVersion = 10.1;
						TestTargetID = 538EA09821E2B78F001237B1;
					};
					538EA0B721E2B791001237B1 = {
						CreatedOnToolsVersion = 10.1;
						TestTargetID = 538EA09821E2B78F001237B1;
					};
				};
			};
			buildConfigurationList = 538EA09421E2B78F001237B1 /* Build configuration list for PBXProject "FindBurgers" */;
			compatibilityVersion = "Xcode 9.3";
			developmentRegion = en;
			hasScannedForEncodings = 0;
			knownRegions = (
				en,
				Base,
			);
			mainGroup = 538EA09021E2B78F001237B1;
			productRefGroup = 538EA09A21E2B790001237B1 /* Products */;
			projectDirPath = "";
			projectRoot = "";
			targets = (
				538EA09821E2B78F001237B1 /* FindBurgers */,
				538EA0AC21E2B791001237B1 /* FindBurgersTests */,
				538EA0B721E2B791001237B1 /* FindBurgersUITests */,
			);
		};
/* End PBXProject section */

/* Begin PBXResourcesBuildPhase section */
		538EA09721E2B78F001237B1 /* Resources */ = {
			isa = PBXResourcesBuildPhase;
			buildActionMask = 2147483647;
			files = (
				538EA0D621E2BBC0001237B1 /* ShowAllBurgersViewController.xib in Resources */,
				538EA0A721E2B791001237B1 /* LaunchScreen.storyboard in Resources */,
				538EA0A421E2B791001237B1 /* Assets.xcassets in Resources */,
				538EA0DD21E2BC35001237B1 /* BurgerDetailsViewController.xib in Resources */,
				538EA0A221E2B790001237B1 /* Main.storyboard in Resources */,
			);
			runOnlyForDeploymentPostprocessing = 0;
		};
		538EA0AB21E2B791001237B1 /* Resources */ = {
			isa = PBXResourcesBuildPhase;
			buildActionMask = 2147483647;
			files = (
			);
			runOnlyForDeploymentPostprocessing = 0;
		};
		538EA0B621E2B791001237B1 /* Resources */ = {
			isa = PBXResourcesBuildPhase;
			buildActionMask = 2147483647;
			files = (
			);
			runOnlyForDeploymentPostprocessing = 0;
		};
/* End PBXResourcesBuildPhase section */

/* Begin PBXSourcesBuildPhase section */
		538EA09521E2B78F001237B1 /* Sources */ = {
			isa = PBXSourcesBuildPhase;
			buildActionMask = 2147483647;
			files = (
				538EA0E921E2BCDE001237B1 /* ImageIdentificationApiDataSourceImpl.swift in Sources */,
				538EA0E121E2BC9B001237B1 /* GetBurger.swift in Sources */,
				538EA0E721E2BCD3001237B1 /* ImageIdentificationApiDataSource.swift in Sources */,
				538EA0E521E2BCC3001237B1 /* FoursquareApiDataSourceImpl.swift in Sources */,
				538EA0ED21E2BE3F001237B1 /* BurgerDetailsContract.swift in Sources */,
				538EA0D821E2BBE3001237B1 /* BurgerDetailsPresenter.swift in Sources */,
				538EA0E321E2BCB6001237B1 /* FoursquareApiDataSource.swift in Sources */,
				538EA0D321E2B9A1001237B1 /* ShowAllBurgersPresenter.swift in Sources */,
				538EA0EF21E2C042001237B1 /* GetImage.swift in Sources */,
				538EA0DA21E2BC00001237B1 /* BurgerDetailsViewController.swift in Sources */,
				538EA09F21E2B790001237B1 /* ViewController.swift in Sources */,
				538EA0D121E2B995001237B1 /* ShowAllBurgersViewController.swift in Sources */,
				538EA0EB21E2BD7C001237B1 /*  ShowAllBurgersContract.swift in Sources */,
				538EA09D21E2B790001237B1 /* AppDelegate.swift in Sources */,
			);
			runOnlyForDeploymentPostprocessing = 0;
		};
		538EA0A921E2B791001237B1 /* Sources */ = {
			isa = PBXSourcesBuildPhase;
			buildActionMask = 2147483647;
			files = (
				538EA0B221E2B791001237B1 /* FindBurgersTests.swift in Sources */,
			);
			runOnlyForDeploymentPostprocessing = 0;
		};
		538EA0B421E2B791001237B1 /* Sources */ = {
			isa = PBXSourcesBuildPhase;
			buildActionMask = 2147483647;
			files = (
				538EA0BD21E2B791001237B1 /* FindBurgersUITests.swift in Sources */,
			);
			runOnlyForDeploymentPostprocessing = 0;
		};
/* End PBXSourcesBuildPhase section */

/* Begin PBXTargetDependency section */
		538EA0AF21E2B791001237B1 /* PBXTargetDependency */ = {
			isa = PBXTargetDependency;
			target = 538EA09821E2B78F001237B1 /* FindBurgers */;
			targetProxy = 538EA0AE21E2B791001237B1 /* PBXContainerItemProxy */;
		};
		538EA0BA21E2B791001237B1 /* PBXTargetDependency */ = {
			isa = PBXTargetDependency;
			target = 538EA09821E2B78F001237B1 /* FindBurgers */;
			targetProxy = 538EA0B921E2B791001237B1 /* PBXContainerItemProxy */;
		};
/* End PBXTargetDependency section */

/* Begin PBXVariantGroup section */
		538EA0A021E2B790001237B1 /* Main.storyboard */ = {
			isa = PBXVariantGroup;
			children = (
				538EA0A121E2B790001237B1 /* Base */,
			);
			name = Main.storyboard;
			sourceTree = "<group>";
		};
		538EA0A521E2B791001237B1 /* LaunchScreen.storyboard */ = {
			isa = PBXVariantGroup;
			children = (
				538EA0A621E2B791001237B1 /* Base */,
			);
			name = LaunchScreen.storyboard;
			sourceTree = "<group>";
		};
/* End PBXVariantGroup section */

/* Begin XCBuildConfiguration section */
		538EA0BF21E2B791001237B1 /* Debug */ = {
			isa = XCBuildConfiguration;
			buildSettings = {
				ALWAYS_SEARCH_USER_PATHS = NO;
				CLANG_ANALYZER_NONNULL = YES;
				CLANG_ANALYZER_NUMBER_OBJECT_CONVERSION = YES_AGGRESSIVE;
				CLANG_CXX_LANGUAGE_STANDARD = "gnu++14";
				CLANG_CXX_LIBRARY = "libc++";
				CLANG_ENABLE_MODULES = YES;
				CLANG_ENABLE_OBJC_ARC = YES;
				CLANG_ENABLE_OBJC_WEAK = YES;
				CLANG_WARN_BLOCK_CAPTURE_AUTORELEASING = YES;
				CLANG_WARN_BOOL_CONVERSION = YES;
				CLANG_WARN_COMMA = YES;
				CLANG_WARN_CONSTANT_CONVERSION = YES;
				CLANG_WARN_DEPRECATED_OBJC_IMPLEMENTATIONS = YES;
				CLANG_WARN_DIRECT_OBJC_ISA_USAGE = YES_ERROR;
				CLANG_WARN_DOCUMENTATION_COMMENTS = YES;
				CLANG_WARN_EMPTY_BODY = YES;
				CLANG_WARN_ENUM_CONVERSION = YES;
				CLANG_WARN_INFINITE_RECURSION = YES;
				CLANG_WARN_INT_CONVERSION = YES;
				CLANG_WARN_NON_LITERAL_NULL_CONVERSION = YES;
				CLANG_WARN_OBJC_IMPLICIT_RETAIN_SELF = YES;
				CLANG_WARN_OBJC_LITERAL_CONVERSION = YES;
				CLANG_WARN_OBJC_ROOT_CLASS = YES_ERROR;
				CLANG_WARN_RANGE_LOOP_ANALYSIS = YES;
				CLANG_WARN_STRICT_PROTOTYPES = YES;
				CLANG_WARN_SUSPICIOUS_MOVE = YES;
				CLANG_WARN_UNGUARDED_AVAILABILITY = YES_AGGRESSIVE;
				CLANG_WARN_UNREACHABLE_CODE = YES;
				CLANG_WARN__DUPLICATE_METHOD_MATCH = YES;
				CODE_SIGN_IDENTITY = "iPhone Developer";
				COPY_PHASE_STRIP = NO;
				DEBUG_INFORMATION_FORMAT = dwarf;
				ENABLE_STRICT_OBJC_MSGSEND = YES;
				ENABLE_TESTABILITY = YES;
				GCC_C_LANGUAGE_STANDARD = gnu11;
				GCC_DYNAMIC_NO_PIC = NO;
				GCC_NO_COMMON_BLOCKS = YES;
				GCC_OPTIMIZATION_LEVEL = 0;
				GCC_PREPROCESSOR_DEFINITIONS = (
					"DEBUG=1",
					"$(inherited)",
				);
				GCC_WARN_64_TO_32_BIT_CONVERSION = YES;
				GCC_WARN_ABOUT_RETURN_TYPE = YES_ERROR;
				GCC_WARN_UNDECLARED_SELECTOR = YES;
				GCC_WARN_UNINITIALIZED_AUTOS = YES_AGGRESSIVE;
				GCC_WARN_UNUSED_FUNCTION = YES;
				GCC_WARN_UNUSED_VARIABLE = YES;
				IPHONEOS_DEPLOYMENT_TARGET = 12.1;
				MTL_ENABLE_DEBUG_INFO = INCLUDE_SOURCE;
				MTL_FAST_MATH = YES;
				ONLY_ACTIVE_ARCH = YES;
				SDKROOT = iphoneos;
				SWIFT_ACTIVE_COMPILATION_CONDITIONS = DEBUG;
				SWIFT_OPTIMIZATION_LEVEL = "-Onone";
			};
			name = Debug;
		};
		538EA0C021E2B791001237B1 /* Release */ = {
			isa = XCBuildConfiguration;
			buildSettings = {
				ALWAYS_SEARCH_USER_PATHS = NO;
				CLANG_ANALYZER_NONNULL = YES;
				CLANG_ANALYZER_NUMBER_OBJECT_CONVERSION = YES_AGGRESSIVE;
				CLANG_CXX_LANGUAGE_STANDARD = "gnu++14";
				CLANG_CXX_LIBRARY = "libc++";
				CLANG_ENABLE_MODULES = YES;
				CLANG_ENABLE_OBJC_ARC = YES;
				CLANG_ENABLE_OBJC_WEAK = YES;
				CLANG_WARN_BLOCK_CAPTURE_AUTORELEASING = YES;
				CLANG_WARN_BOOL_CONVERSION = YES;
				CLANG_WARN_COMMA = YES;
				CLANG_WARN_CONSTANT_CONVERSION = YES;
				CLANG_WARN_DEPRECATED_OBJC_IMPLEMENTATIONS = YES;
				CLANG_WARN_DIRECT_OBJC_ISA_USAGE = YES_ERROR;
				CLANG_WARN_DOCUMENTATION_COMMENTS = YES;
				CLANG_WARN_EMPTY_BODY = YES;
				CLANG_WARN_ENUM_CONVERSION = YES;
				CLANG_WARN_INFINITE_RECURSION = YES;
				CLANG_WARN_INT_CONVERSION = YES;
				CLANG_WARN_NON_LITERAL_NULL_CONVERSION = YES;
				CLANG_WARN_OBJC_IMPLICIT_RETAIN_SELF = YES;
				CLANG_WARN_OBJC_LITERAL_CONVERSION = YES;
				CLANG_WARN_OBJC_ROOT_CLASS = YES_ERROR;
				CLANG_WARN_RANGE_LOOP_ANALYSIS = YES;
				CLANG_WARN_STRICT_PROTOTYPES = YES;
				CLANG_WARN_SUSPICIOUS_MOVE = YES;
				CLANG_WARN_UNGUARDED_AVAILABILITY = YES_AGGRESSIVE;
				CLANG_WARN_UNREACHABLE_CODE = YES;
				CLANG_WARN__DUPLICATE_METHOD_MATCH = YES;
				CODE_SIGN_IDENTITY = "iPhone Developer";
				COPY_PHASE_STRIP = NO;
				DEBUG_INFORMATION_FORMAT = "dwarf-with-dsym";
				ENABLE_NS_ASSERTIONS = NO;
				ENABLE_STRICT_OBJC_MSGSEND = YES;
				GCC_C_LANGUAGE_STANDARD = gnu11;
				GCC_NO_COMMON_BLOCKS = YES;
				GCC_WARN_64_TO_32_BIT_CONVERSION = YES;
				GCC_WARN_ABOUT_RETURN_TYPE = YES_ERROR;
				GCC_WARN_UNDECLARED_SELECTOR = YES;
				GCC_WARN_UNINITIALIZED_AUTOS = YES_AGGRESSIVE;
				GCC_WARN_UNUSED_FUNCTION = YES;
				GCC_WARN_UNUSED_VARIABLE = YES;
				IPHONEOS_DEPLOYMENT_TARGET = 12.1;
				MTL_ENABLE_DEBUG_INFO = NO;
				MTL_FAST_MATH = YES;
				SDKROOT = iphoneos;
				SWIFT_COMPILATION_MODE = wholemodule;
				SWIFT_OPTIMIZATION_LEVEL = "-O";
				VALIDATE_PRODUCT = YES;
			};
			name = Release;
		};
		538EA0C221E2B791001237B1 /* Debug */ = {
			isa = XCBuildConfiguration;
			buildSettings = {
				ASSETCATALOG_COMPILER_APPICON_NAME = AppIcon;
				CODE_SIGN_STYLE = Automatic;
				DEVELOPMENT_TEAM = L9CMSL6QFV;
				INFOPLIST_FILE = FindBurgers/Info.plist;
				LD_RUNPATH_SEARCH_PATHS = (
					"$(inherited)",
					"@executable_path/Frameworks",
				);
				PRODUCT_BUNDLE_IDENTIFIER = com.liuvasconcelos.FindBurgers;
				PRODUCT_NAME = "$(TARGET_NAME)";
				SWIFT_VERSION = 4.2;
				TARGETED_DEVICE_FAMILY = "1,2";
			};
			name = Debug;
		};
		538EA0C321E2B791001237B1 /* Release */ = {
			isa = XCBuildConfiguration;
			buildSettings = {
				ASSETCATALOG_COMPILER_APPICON_NAME = AppIcon;
				CODE_SIGN_STYLE = Automatic;
				DEVELOPMENT_TEAM = L9CMSL6QFV;
				INFOPLIST_FILE = FindBurgers/Info.plist;
				LD_RUNPATH_SEARCH_PATHS = (
					"$(inherited)",
					"@executable_path/Frameworks",
				);
				PRODUCT_BUNDLE_IDENTIFIER = com.liuvasconcelos.FindBurgers;
				PRODUCT_NAME = "$(TARGET_NAME)";
				SWIFT_VERSION = 4.2;
				TARGETED_DEVICE_FAMILY = "1,2";
			};
			name = Release;
		};
		538EA0C521E2B791001237B1 /* Debug */ = {
			isa = XCBuildConfiguration;
			buildSettings = {
				ALWAYS_EMBED_SWIFT_STANDARD_LIBRARIES = YES;
				BUNDLE_LOADER = "$(TEST_HOST)";
				CODE_SIGN_STYLE = Automatic;
				DEVELOPMENT_TEAM = L9CMSL6QFV;
				INFOPLIST_FILE = FindBurgersTests/Info.plist;
				LD_RUNPATH_SEARCH_PATHS = (
					"$(inherited)",
					"@executable_path/Frameworks",
					"@loader_path/Frameworks",
				);
				PRODUCT_BUNDLE_IDENTIFIER = com.liuvasconcelos.FindBurgersTests;
				PRODUCT_NAME = "$(TARGET_NAME)";
				SWIFT_VERSION = 4.2;
				TARGETED_DEVICE_FAMILY = "1,2";
				TEST_HOST = "$(BUILT_PRODUCTS_DIR)/FindBurgers.app/FindBurgers";
			};
			name = Debug;
		};
		538EA0C621E2B791001237B1 /* Release */ = {
			isa = XCBuildConfiguration;
			buildSettings = {
				ALWAYS_EMBED_SWIFT_STANDARD_LIBRARIES = YES;
				BUNDLE_LOADER = "$(TEST_HOST)";
				CODE_SIGN_STYLE = Automatic;
				DEVELOPMENT_TEAM = L9CMSL6QFV;
				INFOPLIST_FILE = FindBurgersTests/Info.plist;
				LD_RUNPATH_SEARCH_PATHS = (
					"$(inherited)",
					"@executable_path/Frameworks",
					"@loader_path/Frameworks",
				);
				PRODUCT_BUNDLE_IDENTIFIER = com.liuvasconcelos.FindBurgersTests;
				PRODUCT_NAME = "$(TARGET_NAME)";
				SWIFT_VERSION = 4.2;
				TARGETED_DEVICE_FAMILY = "1,2";
				TEST_HOST = "$(BUILT_PRODUCTS_DIR)/FindBurgers.app/FindBurgers";
			};
			name = Release;
		};
		538EA0C821E2B791001237B1 /* Debug */ = {
			isa = XCBuildConfiguration;
			buildSettings = {
				ALWAYS_EMBED_SWIFT_STANDARD_LIBRARIES = YES;
				CODE_SIGN_STYLE = Automatic;
				DEVELOPMENT_TEAM = L9CMSL6QFV;
				INFOPLIST_FILE = FindBurgersUITests/Info.plist;
				LD_RUNPATH_SEARCH_PATHS = (
					"$(inherited)",
					"@executable_path/Frameworks",
					"@loader_path/Frameworks",
				);
				PRODUCT_BUNDLE_IDENTIFIER = com.liuvasconcelos.FindBurgersUITests;
				PRODUCT_NAME = "$(TARGET_NAME)";
				SWIFT_VERSION = 4.2;
				TARGETED_DEVICE_FAMILY = "1,2";
				TEST_TARGET_NAME = FindBurgers;
			};
			name = Debug;
		};
		538EA0C921E2B791001237B1 /* Release */ = {
			isa = XCBuildConfiguration;
			buildSettings = {
				ALWAYS_EMBED_SWIFT_STANDARD_LIBRARIES = YES;
				CODE_SIGN_STYLE = Automatic;
				DEVELOPMENT_TEAM = L9CMSL6QFV;
				INFOPLIST_FILE = FindBurgersUITests/Info.plist;
				LD_RUNPATH_SEARCH_PATHS = (
					"$(inherited)",
					"@executable_path/Frameworks",
					"@loader_path/Frameworks",
				);
				PRODUCT_BUNDLE_IDENTIFIER = com.liuvasconcelos.FindBurgersUITests;
				PRODUCT_NAME = "$(TARGET_NAME)";
				SWIFT_VERSION = 4.2;
				TARGETED_DEVICE_FAMILY = "1,2";
				TEST_TARGET_NAME = FindBurgers;
			};
			name = Release;
		};
/* End XCBuildConfiguration section */

/* Begin XCConfigurationList section */
		538EA09421E2B78F001237B1 /* Build configuration list for PBXProject "FindBurgers" */ = {
			isa = XCConfigurationList;
			buildConfigurations = (
				538EA0BF21E2B791001237B1 /* Debug */,
				538EA0C021E2B791001237B1 /* Release */,
			);
			defaultConfigurationIsVisible = 0;
			defaultConfigurationName = Release;
		};
		538EA0C121E2B791001237B1 /* Build configuration list for PBXNativeTarget "FindBurgers" */ = {
			isa = XCConfigurationList;
			buildConfigurations = (
				538EA0C221E2B791001237B1 /* Debug */,
				538EA0C321E2B791001237B1 /* Release */,
			);
			defaultConfigurationIsVisible = 0;
			defaultConfigurationName = Release;
		};
		538EA0C421E2B791001237B1 /* Build configuration list for PBXNativeTarget "FindBurgersTests" */ = {
			isa = XCConfigurationList;
			buildConfigurations = (
				538EA0C521E2B791001237B1 /* Debug */,
				538EA0C621E2B791001237B1 /* Release */,
			);
			defaultConfigurationIsVisible = 0;
			defaultConfigurationName = Release;
		};
		538EA0C721E2B791001237B1 /* Build configuration list for PBXNativeTarget "FindBurgersUITests" */ = {
			isa = XCConfigurationList;
			buildConfigurations = (
				538EA0C821E2B791001237B1 /* Debug */,
				538EA0C921E2B791001237B1 /* Release */,
			);
			defaultConfigurationIsVisible = 0;
			defaultConfigurationName = Release;
		};
/* End XCConfigurationList section */
	};
	rootObject = 538EA09121E2B78F001237B1 /* Project object */;
}
